// !$*UTF8*$!
{
	archiveVersion = 1;
	classes = {
	};
	objectVersion = 46;
	objects = {

/* Begin PBXBuildFile section */
		0D50CB2F2C164966A768A4B7 /* libPods.a in Frameworks */ = {isa = PBXBuildFile; fileRef = 8BB61B84CA13457998701D86 /* libPods.a */; };
		4203CEBD19B442C20015180D /* Foundation.framework in Frameworks */ = {isa = PBXBuildFile; fileRef = 4203CEBC19B442C20015180D /* Foundation.framework */; };
		4203CEBF19B442C20015180D /* CoreGraphics.framework in Frameworks */ = {isa = PBXBuildFile; fileRef = 4203CEBE19B442C20015180D /* CoreGraphics.framework */; };
		4203CEC119B442C20015180D /* UIKit.framework in Frameworks */ = {isa = PBXBuildFile; fileRef = 4203CEC019B442C20015180D /* UIKit.framework */; };
		4203CEC719B442C20015180D /* InfoPlist.strings in Resources */ = {isa = PBXBuildFile; fileRef = 4203CEC519B442C20015180D /* InfoPlist.strings */; };
		4203CEC919B442C20015180D /* main.m in Sources */ = {isa = PBXBuildFile; fileRef = 4203CEC819B442C20015180D /* main.m */; };
		4203CECD19B442C20015180D /* SLAppDelegate.m in Sources */ = {isa = PBXBuildFile; fileRef = 4203CECC19B442C20015180D /* SLAppDelegate.m */; };
		4203CED019B442C20015180D /* Main_iPhone.storyboard in Resources */ = {isa = PBXBuildFile; fileRef = 4203CECE19B442C20015180D /* Main_iPhone.storyboard */; };
		4203CED319B442C20015180D /* Main_iPad.storyboard in Resources */ = {isa = PBXBuildFile; fileRef = 4203CED119B442C20015180D /* Main_iPad.storyboard */; };
		4203CED819B442C20015180D /* Images.xcassets in Resources */ = {isa = PBXBuildFile; fileRef = 4203CED719B442C20015180D /* Images.xcassets */; };
		4203CEDF19B442C20015180D /* XCTest.framework in Frameworks */ = {isa = PBXBuildFile; fileRef = 4203CEDE19B442C20015180D /* XCTest.framework */; };
		4203CEE019B442C20015180D /* Foundation.framework in Frameworks */ = {isa = PBXBuildFile; fileRef = 4203CEBC19B442C20015180D /* Foundation.framework */; };
		4203CEE119B442C20015180D /* UIKit.framework in Frameworks */ = {isa = PBXBuildFile; fileRef = 4203CEC019B442C20015180D /* UIKit.framework */; };
		4203CEE919B442C20015180D /* InfoPlist.strings in Resources */ = {isa = PBXBuildFile; fileRef = 4203CEE719B442C20015180D /* InfoPlist.strings */; };
		4203CEEB19B442C20015180D /* iSYSULibraryTests.m in Sources */ = {isa = PBXBuildFile; fileRef = 4203CEEA19B442C20015180D /* iSYSULibraryTests.m */; };
		421D9E1219B6B97D00BDCA36 /* SLBookDetailViewController.m in Sources */ = {isa = PBXBuildFile; fileRef = 421D9E1119B6B97D00BDCA36 /* SLBookDetailViewController.m */; };
		421D9E1519B7119500BDCA36 /* SLBookBaseCell.m in Sources */ = {isa = PBXBuildFile; fileRef = 421D9E1419B7119500BDCA36 /* SLBookBaseCell.m */; };
		421D9E1E19B713CA00BDCA36 /* SLBookCoverCell.m in Sources */ = {isa = PBXBuildFile; fileRef = 421D9E1D19B713CA00BDCA36 /* SLBookCoverCell.m */; };
		421D9E2419B713F700BDCA36 /* SLBookBriefCell.m in Sources */ = {isa = PBXBuildFile; fileRef = 421D9E2319B713F700BDCA36 /* SLBookBriefCell.m */; };
		421D9E2719B7140F00BDCA36 /* SLBookDistributionCell.m in Sources */ = {isa = PBXBuildFile; fileRef = 421D9E2619B7140F00BDCA36 /* SLBookDistributionCell.m */; };
		421D9E2919B7156200BDCA36 /* SLBookCoverCell.xib in Resources */ = {isa = PBXBuildFile; fileRef = 421D9E2819B7156200BDCA36 /* SLBookCoverCell.xib */; };
		421D9E2B19B7263000BDCA36 /* SLBookDistributionCell.xib in Resources */ = {isa = PBXBuildFile; fileRef = 421D9E2A19B7263000BDCA36 /* SLBookDistributionCell.xib */; };
		42347C9219D1BE5D00614F50 /* MJRefresh.bundle in Resources */ = {isa = PBXBuildFile; fileRef = 42347C8219D1BE5D00614F50 /* MJRefresh.bundle */; };
		42347C9319D1BE5D00614F50 /* MJRefreshBaseView.m in Sources */ = {isa = PBXBuildFile; fileRef = 42347C8519D1BE5D00614F50 /* MJRefreshBaseView.m */; };
		42347C9419D1BE5D00614F50 /* MJRefreshConst.m in Sources */ = {isa = PBXBuildFile; fileRef = 42347C8719D1BE5D00614F50 /* MJRefreshConst.m */; };
		42347C9519D1BE5D00614F50 /* MJRefreshFooterView.m in Sources */ = {isa = PBXBuildFile; fileRef = 42347C8919D1BE5D00614F50 /* MJRefreshFooterView.m */; };
		42347C9619D1BE5D00614F50 /* MJRefreshHeaderView.m in Sources */ = {isa = PBXBuildFile; fileRef = 42347C8B19D1BE5D00614F50 /* MJRefreshHeaderView.m */; };
		42347C9719D1BE5D00614F50 /* UIScrollView+MJExtension.m in Sources */ = {isa = PBXBuildFile; fileRef = 42347C8D19D1BE5D00614F50 /* UIScrollView+MJExtension.m */; };
		42347C9819D1BE5D00614F50 /* UIScrollView+MJRefresh.m in Sources */ = {isa = PBXBuildFile; fileRef = 42347C8F19D1BE5D00614F50 /* UIScrollView+MJRefresh.m */; };
		42347C9919D1BE5D00614F50 /* UIView+MJExtension.m in Sources */ = {isa = PBXBuildFile; fileRef = 42347C9119D1BE5D00614F50 /* UIView+MJExtension.m */; };
		426223BB19C9B097005F0DE7 /* SLBorrowHistoryViewController.m in Sources */ = {isa = PBXBuildFile; fileRef = 426223BA19C9B097005F0DE7 /* SLBorrowHistoryViewController.m */; };
		426223C019C9B0AB005F0DE7 /* SLBookBaseModel.m in Sources */ = {isa = PBXBuildFile; fileRef = 426223BD19C9B0AB005F0DE7 /* SLBookBaseModel.m */; };
		426223C119C9B0AB005F0DE7 /* SLBorHistoryBook.m in Sources */ = {isa = PBXBuildFile; fileRef = 426223BF19C9B0AB005F0DE7 /* SLBorHistoryBook.m */; };
		426223C419C9B9CC005F0DE7 /* SLNotificationViewController.m in Sources */ = {isa = PBXBuildFile; fileRef = 426223C319C9B9CC005F0DE7 /* SLNotificationViewController.m */; };
		426223C719C9B9DB005F0DE7 /* SLAdviceViewController.m in Sources */ = {isa = PBXBuildFile; fileRef = 426223C619C9B9DB005F0DE7 /* SLAdviceViewController.m */; };
		427E369019B44C51006EB106 /* SLLoginViewController.m in Sources */ = {isa = PBXBuildFile; fileRef = 427E368F19B44C51006EB106 /* SLLoginViewController.m */; };
		42A6138619B5ACD300D94977 /* SLMenuViewController.m in Sources */ = {isa = PBXBuildFile; fileRef = 42A6138519B5ACD300D94977 /* SLMenuViewController.m */; };
		42A6138919B5AE4100D94977 /* SLMainViewController.m in Sources */ = {isa = PBXBuildFile; fileRef = 42A6138819B5AE4100D94977 /* SLMainViewController.m */; };
		42A6138C19B5B7AA00D94977 /* SLSearchViewController.m in Sources */ = {isa = PBXBuildFile; fileRef = 42A6138B19B5B7AA00D94977 /* SLSearchViewController.m */; };
		42A6138F19B5C69500D94977 /* SLSetupViewController.m in Sources */ = {isa = PBXBuildFile; fileRef = 42A6138E19B5C69500D94977 /* SLSetupViewController.m */; };
		42A613DE19B60DF200D94977 /* SLCollectionViewController.m in Sources */ = {isa = PBXBuildFile; fileRef = 42A613DD19B60DF200D94977 /* SLCollectionViewController.m */; };
		42A613E119B60E1800D94977 /* SLBookView.m in Sources */ = {isa = PBXBuildFile; fileRef = 42A613E019B60E1800D94977 /* SLBookView.m */; };
		42A6727919CAB3B900A4129A /* SLRestfulEngine.m in Sources */ = {isa = PBXBuildFile; fileRef = 42A6727819CAB3B900A4129A /* SLRestfulEngine.m */; };
		42A6727C19CAC0AF00A4129A /* SLHistoryCell.m in Sources */ = {isa = PBXBuildFile; fileRef = 42A6727B19CAC0AF00A4129A /* SLHistoryCell.m */; };
		693A0D8019B8273F00BADF72 /* SLBorrowCell.m in Sources */ = {isa = PBXBuildFile; fileRef = 693A0D7F19B8273F00BADF72 /* SLBorrowCell.m */; };
		693A0D8319B8279000BADF72 /* SLAppointCell.m in Sources */ = {isa = PBXBuildFile; fileRef = 693A0D8219B8279000BADF72 /* SLAppointCell.m */; };
		693A0D8619B827EE00BADF72 /* SLRecommendCell.m in Sources */ = {isa = PBXBuildFile; fileRef = 693A0D8519B827EE00BADF72 /* SLRecommendCell.m */; };
		695BD28619B769340083CBC1 /* SLAppointController.m in Sources */ = {isa = PBXBuildFile; fileRef = 695BD28519B769340083CBC1 /* SLAppointController.m */; };
		695BD28919B769400083CBC1 /* SLRecommendController.m in Sources */ = {isa = PBXBuildFile; fileRef = 695BD28819B769400083CBC1 /* SLRecommendController.m */; };
		699CA89C19C82211001E1651 /* SLBorrowListTableView.m in Sources */ = {isa = PBXBuildFile; fileRef = 699CA89B19C82211001E1651 /* SLBorrowListTableView.m */; };
		69B00C0D19C0AE4A00C5611D /* SLBorrowListController.m in Sources */ = {isa = PBXBuildFile; fileRef = 69B00C0C19C0AE4A00C5611D /* SLBorrowListController.m */; };
/* End PBXBuildFile section */

/* Begin PBXContainerItemProxy section */
		4203CEE219B442C20015180D /* PBXContainerItemProxy */ = {
			isa = PBXContainerItemProxy;
			containerPortal = 4203CEB119B442C20015180D /* Project object */;
			proxyType = 1;
			remoteGlobalIDString = 4203CEB819B442C20015180D;
			remoteInfo = iSYSULibrary;
		};
/* End PBXContainerItemProxy section */

/* Begin PBXFileReference section */
		4203CEB919B442C20015180D /* iSYSULibrary.app */ = {isa = PBXFileReference; explicitFileType = wrapper.application; includeInIndex = 0; path = iSYSULibrary.app; sourceTree = BUILT_PRODUCTS_DIR; };
		4203CEBC19B442C20015180D /* Foundation.framework */ = {isa = PBXFileReference; lastKnownFileType = wrapper.framework; name = Foundation.framework; path = System/Library/Frameworks/Foundation.framework; sourceTree = SDKROOT; };
		4203CEBE19B442C20015180D /* CoreGraphics.framework */ = {isa = PBXFileReference; lastKnownFileType = wrapper.framework; name = CoreGraphics.framework; path = System/Library/Frameworks/CoreGraphics.framework; sourceTree = SDKROOT; };
		4203CEC019B442C20015180D /* UIKit.framework */ = {isa = PBXFileReference; lastKnownFileType = wrapper.framework; name = UIKit.framework; path = System/Library/Frameworks/UIKit.framework; sourceTree = SDKROOT; };
		4203CEC419B442C20015180D /* iSYSULibrary-Info.plist */ = {isa = PBXFileReference; lastKnownFileType = text.plist.xml; path = "iSYSULibrary-Info.plist"; sourceTree = "<group>"; };
		4203CEC619B442C20015180D /* en */ = {isa = PBXFileReference; lastKnownFileType = text.plist.strings; name = en; path = en.lproj/InfoPlist.strings; sourceTree = "<group>"; };
		4203CEC819B442C20015180D /* main.m */ = {isa = PBXFileReference; lastKnownFileType = sourcecode.c.objc; path = main.m; sourceTree = "<group>"; };
		4203CECA19B442C20015180D /* iSYSULibrary-Prefix.pch */ = {isa = PBXFileReference; lastKnownFileType = sourcecode.c.h; path = "iSYSULibrary-Prefix.pch"; sourceTree = "<group>"; };
		4203CECB19B442C20015180D /* SLAppDelegate.h */ = {isa = PBXFileReference; lastKnownFileType = sourcecode.c.h; path = SLAppDelegate.h; sourceTree = "<group>"; };
		4203CECC19B442C20015180D /* SLAppDelegate.m */ = {isa = PBXFileReference; lastKnownFileType = sourcecode.c.objc; path = SLAppDelegate.m; sourceTree = "<group>"; };
		4203CECF19B442C20015180D /* Base */ = {isa = PBXFileReference; lastKnownFileType = file.storyboard; name = Base; path = Base.lproj/Main_iPhone.storyboard; sourceTree = "<group>"; };
		4203CED219B442C20015180D /* Base */ = {isa = PBXFileReference; lastKnownFileType = file.storyboard; name = Base; path = Base.lproj/Main_iPad.storyboard; sourceTree = "<group>"; };
		4203CED719B442C20015180D /* Images.xcassets */ = {isa = PBXFileReference; lastKnownFileType = folder.assetcatalog; path = Images.xcassets; sourceTree = "<group>"; };
		4203CEDD19B442C20015180D /* iSYSULibraryTests.xctest */ = {isa = PBXFileReference; explicitFileType = wrapper.cfbundle; includeInIndex = 0; path = iSYSULibraryTests.xctest; sourceTree = BUILT_PRODUCTS_DIR; };
		4203CEDE19B442C20015180D /* XCTest.framework */ = {isa = PBXFileReference; lastKnownFileType = wrapper.framework; name = XCTest.framework; path = Library/Frameworks/XCTest.framework; sourceTree = DEVELOPER_DIR; };
		4203CEE619B442C20015180D /* iSYSULibraryTests-Info.plist */ = {isa = PBXFileReference; lastKnownFileType = text.plist.xml; path = "iSYSULibraryTests-Info.plist"; sourceTree = "<group>"; };
		4203CEE819B442C20015180D /* en */ = {isa = PBXFileReference; lastKnownFileType = text.plist.strings; name = en; path = en.lproj/InfoPlist.strings; sourceTree = "<group>"; };
		4203CEEA19B442C20015180D /* iSYSULibraryTests.m */ = {isa = PBXFileReference; lastKnownFileType = sourcecode.c.objc; path = iSYSULibraryTests.m; sourceTree = "<group>"; };
		421D9E1019B6B97D00BDCA36 /* SLBookDetailViewController.h */ = {isa = PBXFileReference; fileEncoding = 4; lastKnownFileType = sourcecode.c.h; path = SLBookDetailViewController.h; sourceTree = "<group>"; };
		421D9E1119B6B97D00BDCA36 /* SLBookDetailViewController.m */ = {isa = PBXFileReference; fileEncoding = 4; lastKnownFileType = sourcecode.c.objc; path = SLBookDetailViewController.m; sourceTree = "<group>"; };
		421D9E1319B7119500BDCA36 /* SLBookBaseCell.h */ = {isa = PBXFileReference; fileEncoding = 4; lastKnownFileType = sourcecode.c.h; name = SLBookBaseCell.h; path = Cell/SLBookBaseCell.h; sourceTree = "<group>"; };
		421D9E1419B7119500BDCA36 /* SLBookBaseCell.m */ = {isa = PBXFileReference; fileEncoding = 4; lastKnownFileType = sourcecode.c.objc; name = SLBookBaseCell.m; path = Cell/SLBookBaseCell.m; sourceTree = "<group>"; };
		421D9E1C19B713CA00BDCA36 /* SLBookCoverCell.h */ = {isa = PBXFileReference; fileEncoding = 4; lastKnownFileType = sourcecode.c.h; name = SLBookCoverCell.h; path = Cell/SLBookCoverCell.h; sourceTree = "<group>"; };
		421D9E1D19B713CA00BDCA36 /* SLBookCoverCell.m */ = {isa = PBXFileReference; fileEncoding = 4; lastKnownFileType = sourcecode.c.objc; name = SLBookCoverCell.m; path = Cell/SLBookCoverCell.m; sourceTree = "<group>"; };
		421D9E2219B713F700BDCA36 /* SLBookBriefCell.h */ = {isa = PBXFileReference; fileEncoding = 4; lastKnownFileType = sourcecode.c.h; name = SLBookBriefCell.h; path = Cell/SLBookBriefCell.h; sourceTree = "<group>"; };
		421D9E2319B713F700BDCA36 /* SLBookBriefCell.m */ = {isa = PBXFileReference; fileEncoding = 4; lastKnownFileType = sourcecode.c.objc; name = SLBookBriefCell.m; path = Cell/SLBookBriefCell.m; sourceTree = "<group>"; };
		421D9E2519B7140F00BDCA36 /* SLBookDistributionCell.h */ = {isa = PBXFileReference; fileEncoding = 4; lastKnownFileType = sourcecode.c.h; name = SLBookDistributionCell.h; path = Cell/SLBookDistributionCell.h; sourceTree = "<group>"; };
		421D9E2619B7140F00BDCA36 /* SLBookDistributionCell.m */ = {isa = PBXFileReference; fileEncoding = 4; lastKnownFileType = sourcecode.c.objc; name = SLBookDistributionCell.m; path = Cell/SLBookDistributionCell.m; sourceTree = "<group>"; };
		421D9E2819B7156200BDCA36 /* SLBookCoverCell.xib */ = {isa = PBXFileReference; fileEncoding = 4; lastKnownFileType = file.xib; name = SLBookCoverCell.xib; path = Cell/SLBookCoverCell.xib; sourceTree = "<group>"; };
		421D9E2A19B7263000BDCA36 /* SLBookDistributionCell.xib */ = {isa = PBXFileReference; fileEncoding = 4; lastKnownFileType = file.xib; name = SLBookDistributionCell.xib; path = Cell/SLBookDistributionCell.xib; sourceTree = "<group>"; };
		42347C8219D1BE5D00614F50 /* MJRefresh.bundle */ = {isa = PBXFileReference; lastKnownFileType = "wrapper.plug-in"; path = MJRefresh.bundle; sourceTree = "<group>"; };
		42347C8319D1BE5D00614F50 /* MJRefresh.h */ = {isa = PBXFileReference; fileEncoding = 4; lastKnownFileType = sourcecode.c.h; path = MJRefresh.h; sourceTree = "<group>"; };
		42347C8419D1BE5D00614F50 /* MJRefreshBaseView.h */ = {isa = PBXFileReference; fileEncoding = 4; lastKnownFileType = sourcecode.c.h; path = MJRefreshBaseView.h; sourceTree = "<group>"; };
		42347C8519D1BE5D00614F50 /* MJRefreshBaseView.m */ = {isa = PBXFileReference; fileEncoding = 4; lastKnownFileType = sourcecode.c.objc; path = MJRefreshBaseView.m; sourceTree = "<group>"; };
		42347C8619D1BE5D00614F50 /* MJRefreshConst.h */ = {isa = PBXFileReference; fileEncoding = 4; lastKnownFileType = sourcecode.c.h; path = MJRefreshConst.h; sourceTree = "<group>"; };
		42347C8719D1BE5D00614F50 /* MJRefreshConst.m */ = {isa = PBXFileReference; fileEncoding = 4; lastKnownFileType = sourcecode.c.objc; path = MJRefreshConst.m; sourceTree = "<group>"; };
		42347C8819D1BE5D00614F50 /* MJRefreshFooterView.h */ = {isa = PBXFileReference; fileEncoding = 4; lastKnownFileType = sourcecode.c.h; path = MJRefreshFooterView.h; sourceTree = "<group>"; };
		42347C8919D1BE5D00614F50 /* MJRefreshFooterView.m */ = {isa = PBXFileReference; fileEncoding = 4; lastKnownFileType = sourcecode.c.objc; path = MJRefreshFooterView.m; sourceTree = "<group>"; };
		42347C8A19D1BE5D00614F50 /* MJRefreshHeaderView.h */ = {isa = PBXFileReference; fileEncoding = 4; lastKnownFileType = sourcecode.c.h; path = MJRefreshHeaderView.h; sourceTree = "<group>"; };
		42347C8B19D1BE5D00614F50 /* MJRefreshHeaderView.m */ = {isa = PBXFileReference; fileEncoding = 4; lastKnownFileType = sourcecode.c.objc; path = MJRefreshHeaderView.m; sourceTree = "<group>"; };
		42347C8C19D1BE5D00614F50 /* UIScrollView+MJExtension.h */ = {isa = PBXFileReference; fileEncoding = 4; lastKnownFileType = sourcecode.c.h; path = "UIScrollView+MJExtension.h"; sourceTree = "<group>"; };
		42347C8D19D1BE5D00614F50 /* UIScrollView+MJExtension.m */ = {isa = PBXFileReference; fileEncoding = 4; lastKnownFileType = sourcecode.c.objc; path = "UIScrollView+MJExtension.m"; sourceTree = "<group>"; };
		42347C8E19D1BE5D00614F50 /* UIScrollView+MJRefresh.h */ = {isa = PBXFileReference; fileEncoding = 4; lastKnownFileType = sourcecode.c.h; path = "UIScrollView+MJRefresh.h"; sourceTree = "<group>"; };
		42347C8F19D1BE5D00614F50 /* UIScrollView+MJRefresh.m */ = {isa = PBXFileReference; fileEncoding = 4; lastKnownFileType = sourcecode.c.objc; path = "UIScrollView+MJRefresh.m"; sourceTree = "<group>"; };
		42347C9019D1BE5D00614F50 /* UIView+MJExtension.h */ = {isa = PBXFileReference; fileEncoding = 4; lastKnownFileType = sourcecode.c.h; path = "UIView+MJExtension.h"; sourceTree = "<group>"; };
		42347C9119D1BE5D00614F50 /* UIView+MJExtension.m */ = {isa = PBXFileReference; fileEncoding = 4; lastKnownFileType = sourcecode.c.objc; path = "UIView+MJExtension.m"; sourceTree = "<group>"; };
		426223B919C9B097005F0DE7 /* SLBorrowHistoryViewController.h */ = {isa = PBXFileReference; fileEncoding = 4; lastKnownFileType = sourcecode.c.h; path = SLBorrowHistoryViewController.h; sourceTree = "<group>"; };
		426223BA19C9B097005F0DE7 /* SLBorrowHistoryViewController.m */ = {isa = PBXFileReference; fileEncoding = 4; lastKnownFileType = sourcecode.c.objc; path = SLBorrowHistoryViewController.m; sourceTree = "<group>"; };
		426223BC19C9B0AB005F0DE7 /* SLBookBaseModel.h */ = {isa = PBXFileReference; fileEncoding = 4; lastKnownFileType = sourcecode.c.h; path = SLBookBaseModel.h; sourceTree = "<group>"; };
		426223BD19C9B0AB005F0DE7 /* SLBookBaseModel.m */ = {isa = PBXFileReference; fileEncoding = 4; lastKnownFileType = sourcecode.c.objc; path = SLBookBaseModel.m; sourceTree = "<group>"; };
		426223BE19C9B0AB005F0DE7 /* SLBorHistoryBook.h */ = {isa = PBXFileReference; fileEncoding = 4; lastKnownFileType = sourcecode.c.h; path = SLBorHistoryBook.h; sourceTree = "<group>"; };
		426223BF19C9B0AB005F0DE7 /* SLBorHistoryBook.m */ = {isa = PBXFileReference; fileEncoding = 4; lastKnownFileType = sourcecode.c.objc; path = SLBorHistoryBook.m; sourceTree = "<group>"; };
		426223C219C9B9CC005F0DE7 /* SLNotificationViewController.h */ = {isa = PBXFileReference; fileEncoding = 4; lastKnownFileType = sourcecode.c.h; path = SLNotificationViewController.h; sourceTree = "<group>"; };
		426223C319C9B9CC005F0DE7 /* SLNotificationViewController.m */ = {isa = PBXFileReference; fileEncoding = 4; lastKnownFileType = sourcecode.c.objc; path = SLNotificationViewController.m; sourceTree = "<group>"; };
		426223C519C9B9DB005F0DE7 /* SLAdviceViewController.h */ = {isa = PBXFileReference; fileEncoding = 4; lastKnownFileType = sourcecode.c.h; path = SLAdviceViewController.h; sourceTree = "<group>"; };
		426223C619C9B9DB005F0DE7 /* SLAdviceViewController.m */ = {isa = PBXFileReference; fileEncoding = 4; lastKnownFileType = sourcecode.c.objc; path = SLAdviceViewController.m; sourceTree = "<group>"; };
		427E368E19B44C51006EB106 /* SLLoginViewController.h */ = {isa = PBXFileReference; fileEncoding = 4; lastKnownFileType = sourcecode.c.h; path = SLLoginViewController.h; sourceTree = "<group>"; };
		427E368F19B44C51006EB106 /* SLLoginViewController.m */ = {isa = PBXFileReference; fileEncoding = 4; lastKnownFileType = sourcecode.c.objc; path = SLLoginViewController.m; sourceTree = "<group>"; };
		427E369419B45457006EB106 /* Constants.h */ = {isa = PBXFileReference; lastKnownFileType = sourcecode.c.h; path = Constants.h; sourceTree = "<group>"; };
		42A6138419B5ACD300D94977 /* SLMenuViewController.h */ = {isa = PBXFileReference; fileEncoding = 4; lastKnownFileType = sourcecode.c.h; path = SLMenuViewController.h; sourceTree = "<group>"; };
		42A6138519B5ACD300D94977 /* SLMenuViewController.m */ = {isa = PBXFileReference; fileEncoding = 4; lastKnownFileType = sourcecode.c.objc; path = SLMenuViewController.m; sourceTree = "<group>"; };
		42A6138719B5AE4100D94977 /* SLMainViewController.h */ = {isa = PBXFileReference; fileEncoding = 4; lastKnownFileType = sourcecode.c.h; path = SLMainViewController.h; sourceTree = "<group>"; };
		42A6138819B5AE4100D94977 /* SLMainViewController.m */ = {isa = PBXFileReference; fileEncoding = 4; lastKnownFileType = sourcecode.c.objc; path = SLMainViewController.m; sourceTree = "<group>"; };
		42A6138A19B5B7AA00D94977 /* SLSearchViewController.h */ = {isa = PBXFileReference; fileEncoding = 4; lastKnownFileType = sourcecode.c.h; path = SLSearchViewController.h; sourceTree = "<group>"; };
		42A6138B19B5B7AA00D94977 /* SLSearchViewController.m */ = {isa = PBXFileReference; fileEncoding = 4; lastKnownFileType = sourcecode.c.objc; path = SLSearchViewController.m; sourceTree = "<group>"; };
		42A6138D19B5C69500D94977 /* SLSetupViewController.h */ = {isa = PBXFileReference; fileEncoding = 4; lastKnownFileType = sourcecode.c.h; path = SLSetupViewController.h; sourceTree = "<group>"; };
		42A6138E19B5C69500D94977 /* SLSetupViewController.m */ = {isa = PBXFileReference; fileEncoding = 4; lastKnownFileType = sourcecode.c.objc; path = SLSetupViewController.m; sourceTree = "<group>"; };
		42A613DC19B60DF200D94977 /* SLCollectionViewController.h */ = {isa = PBXFileReference; fileEncoding = 4; lastKnownFileType = sourcecode.c.h; path = SLCollectionViewController.h; sourceTree = "<group>"; };
		42A613DD19B60DF200D94977 /* SLCollectionViewController.m */ = {isa = PBXFileReference; fileEncoding = 4; lastKnownFileType = sourcecode.c.objc; path = SLCollectionViewController.m; sourceTree = "<group>"; };
		42A613DF19B60E1800D94977 /* SLBookView.h */ = {isa = PBXFileReference; fileEncoding = 4; lastKnownFileType = sourcecode.c.h; path = SLBookView.h; sourceTree = "<group>"; };
		42A613E019B60E1800D94977 /* SLBookView.m */ = {isa = PBXFileReference; fileEncoding = 4; lastKnownFileType = sourcecode.c.objc; path = SLBookView.m; sourceTree = "<group>"; };
		42A6727719CAB3B900A4129A /* SLRestfulEngine.h */ = {isa = PBXFileReference; fileEncoding = 4; lastKnownFileType = sourcecode.c.h; path = SLRestfulEngine.h; sourceTree = "<group>"; };
		42A6727819CAB3B900A4129A /* SLRestfulEngine.m */ = {isa = PBXFileReference; fileEncoding = 4; lastKnownFileType = sourcecode.c.objc; path = SLRestfulEngine.m; sourceTree = "<group>"; };
		42A6727A19CAC0AF00A4129A /* SLHistoryCell.h */ = {isa = PBXFileReference; fileEncoding = 4; lastKnownFileType = sourcecode.c.h; path = SLHistoryCell.h; sourceTree = "<group>"; };
		42A6727B19CAC0AF00A4129A /* SLHistoryCell.m */ = {isa = PBXFileReference; fileEncoding = 4; lastKnownFileType = sourcecode.c.objc; path = SLHistoryCell.m; sourceTree = "<group>"; };
		693A0D7E19B8273F00BADF72 /* SLBorrowCell.h */ = {isa = PBXFileReference; fileEncoding = 4; lastKnownFileType = sourcecode.c.h; path = SLBorrowCell.h; sourceTree = "<group>"; };
		693A0D7F19B8273F00BADF72 /* SLBorrowCell.m */ = {isa = PBXFileReference; fileEncoding = 4; lastKnownFileType = sourcecode.c.objc; path = SLBorrowCell.m; sourceTree = "<group>"; };
		693A0D8119B8279000BADF72 /* SLAppointCell.h */ = {isa = PBXFileReference; fileEncoding = 4; lastKnownFileType = sourcecode.c.h; path = SLAppointCell.h; sourceTree = "<group>"; };
		693A0D8219B8279000BADF72 /* SLAppointCell.m */ = {isa = PBXFileReference; fileEncoding = 4; lastKnownFileType = sourcecode.c.objc; path = SLAppointCell.m; sourceTree = "<group>"; };
		693A0D8419B827EE00BADF72 /* SLRecommendCell.h */ = {isa = PBXFileReference; fileEncoding = 4; lastKnownFileType = sourcecode.c.h; path = SLRecommendCell.h; sourceTree = "<group>"; };
		693A0D8519B827EE00BADF72 /* SLRecommendCell.m */ = {isa = PBXFileReference; fileEncoding = 4; lastKnownFileType = sourcecode.c.objc; path = SLRecommendCell.m; sourceTree = "<group>"; };
		695BD28419B769340083CBC1 /* SLAppointController.h */ = {isa = PBXFileReference; fileEncoding = 4; lastKnownFileType = sourcecode.c.h; path = SLAppointController.h; sourceTree = "<group>"; };
		695BD28519B769340083CBC1 /* SLAppointController.m */ = {isa = PBXFileReference; fileEncoding = 4; lastKnownFileType = sourcecode.c.objc; path = SLAppointController.m; sourceTree = "<group>"; };
		695BD28719B769400083CBC1 /* SLRecommendController.h */ = {isa = PBXFileReference; fileEncoding = 4; lastKnownFileType = sourcecode.c.h; path = SLRecommendController.h; sourceTree = "<group>"; };
		695BD28819B769400083CBC1 /* SLRecommendController.m */ = {isa = PBXFileReference; fileEncoding = 4; lastKnownFileType = sourcecode.c.objc; path = SLRecommendController.m; sourceTree = "<group>"; };
		699CA89A19C82211001E1651 /* SLBorrowListTableView.h */ = {isa = PBXFileReference; fileEncoding = 4; lastKnownFileType = sourcecode.c.h; path = SLBorrowListTableView.h; sourceTree = "<group>"; };
		699CA89B19C82211001E1651 /* SLBorrowListTableView.m */ = {isa = PBXFileReference; fileEncoding = 4; lastKnownFileType = sourcecode.c.objc; path = SLBorrowListTableView.m; sourceTree = "<group>"; };
		69B00C0B19C0AE4A00C5611D /* SLBorrowListController.h */ = {isa = PBXFileReference; fileEncoding = 4; lastKnownFileType = sourcecode.c.h; path = SLBorrowListController.h; sourceTree = "<group>"; };
		69B00C0C19C0AE4A00C5611D /* SLBorrowListController.m */ = {isa = PBXFileReference; fileEncoding = 4; lastKnownFileType = sourcecode.c.objc; path = SLBorrowListController.m; sourceTree = "<group>"; };
		8BB61B84CA13457998701D86 /* libPods.a */ = {isa = PBXFileReference; explicitFileType = archive.ar; includeInIndex = 0; path = libPods.a; sourceTree = BUILT_PRODUCTS_DIR; };
		D14C6CA71D6B445FA9D2F465 /* Pods.xcconfig */ = {isa = PBXFileReference; includeInIndex = 1; lastKnownFileType = text.xcconfig; name = Pods.xcconfig; path = Pods/Pods.xcconfig; sourceTree = "<group>"; };
/* End PBXFileReference section */

/* Begin PBXFrameworksBuildPhase section */
		4203CEB619B442C20015180D /* Frameworks */ = {
			isa = PBXFrameworksBuildPhase;
			buildActionMask = 2147483647;
			files = (
				4203CEBF19B442C20015180D /* CoreGraphics.framework in Frameworks */,
				4203CEC119B442C20015180D /* UIKit.framework in Frameworks */,
				4203CEBD19B442C20015180D /* Foundation.framework in Frameworks */,
				0D50CB2F2C164966A768A4B7 /* libPods.a in Frameworks */,
			);
			runOnlyForDeploymentPostprocessing = 0;
		};
		4203CEDA19B442C20015180D /* Frameworks */ = {
			isa = PBXFrameworksBuildPhase;
			buildActionMask = 2147483647;
			files = (
				4203CEDF19B442C20015180D /* XCTest.framework in Frameworks */,
				4203CEE119B442C20015180D /* UIKit.framework in Frameworks */,
				4203CEE019B442C20015180D /* Foundation.framework in Frameworks */,
			);
			runOnlyForDeploymentPostprocessing = 0;
		};
/* End PBXFrameworksBuildPhase section */

/* Begin PBXGroup section */
		4203CEB019B442C20015180D = {
			isa = PBXGroup;
			children = (
				4203CEC219B442C20015180D /* iSYSULibrary */,
				4203CEE419B442C20015180D /* iSYSULibraryTests */,
				4203CEBB19B442C20015180D /* Frameworks */,
				4203CEBA19B442C20015180D /* Products */,
				D14C6CA71D6B445FA9D2F465 /* Pods.xcconfig */,
			);
			sourceTree = "<group>";
		};
		4203CEBA19B442C20015180D /* Products */ = {
			isa = PBXGroup;
			children = (
				4203CEB919B442C20015180D /* iSYSULibrary.app */,
				4203CEDD19B442C20015180D /* iSYSULibraryTests.xctest */,
			);
			name = Products;
			sourceTree = "<group>";
		};
		4203CEBB19B442C20015180D /* Frameworks */ = {
			isa = PBXGroup;
			children = (
				4203CEBC19B442C20015180D /* Foundation.framework */,
				4203CEBE19B442C20015180D /* CoreGraphics.framework */,
				4203CEC019B442C20015180D /* UIKit.framework */,
				4203CEDE19B442C20015180D /* XCTest.framework */,
				8BB61B84CA13457998701D86 /* libPods.a */,
			);
			name = Frameworks;
			sourceTree = "<group>";
		};
		4203CEC219B442C20015180D /* iSYSULibrary */ = {
			isa = PBXGroup;
			children = (
				42347C8119D1BE5D00614F50 /* MJRefresh */,
				42A6727619CAB39700A4129A /* RestfulEngine */,
				427E368D19B44C40006EB106 /* Model */,
				427E368C19B44C3A006EB106 /* View */,
				427E368B19B44C33006EB106 /* Controller */,
				427E369419B45457006EB106 /* Constants.h */,
				4203CECB19B442C20015180D /* SLAppDelegate.h */,
				4203CECC19B442C20015180D /* SLAppDelegate.m */,
				4203CECE19B442C20015180D /* Main_iPhone.storyboard */,
				4203CED119B442C20015180D /* Main_iPad.storyboard */,
				4203CED719B442C20015180D /* Images.xcassets */,
				4203CEC319B442C20015180D /* Supporting Files */,
			);
			path = iSYSULibrary;
			sourceTree = "<group>";
		};
		4203CEC319B442C20015180D /* Supporting Files */ = {
			isa = PBXGroup;
			children = (
				4203CEC419B442C20015180D /* iSYSULibrary-Info.plist */,
				4203CEC519B442C20015180D /* InfoPlist.strings */,
				4203CEC819B442C20015180D /* main.m */,
				4203CECA19B442C20015180D /* iSYSULibrary-Prefix.pch */,
			);
			name = "Supporting Files";
			sourceTree = "<group>";
		};
		4203CEE419B442C20015180D /* iSYSULibraryTests */ = {
			isa = PBXGroup;
			children = (
				4203CEEA19B442C20015180D /* iSYSULibraryTests.m */,
				4203CEE519B442C20015180D /* Supporting Files */,
			);
			path = iSYSULibraryTests;
			sourceTree = "<group>";
		};
		4203CEE519B442C20015180D /* Supporting Files */ = {
			isa = PBXGroup;
			children = (
				4203CEE619B442C20015180D /* iSYSULibraryTests-Info.plist */,
				4203CEE719B442C20015180D /* InfoPlist.strings */,
			);
			name = "Supporting Files";
			sourceTree = "<group>";
		};
		42347C8119D1BE5D00614F50 /* MJRefresh */ = {
			isa = PBXGroup;
			children = (
				42347C8219D1BE5D00614F50 /* MJRefresh.bundle */,
				42347C8319D1BE5D00614F50 /* MJRefresh.h */,
				42347C8419D1BE5D00614F50 /* MJRefreshBaseView.h */,
				42347C8519D1BE5D00614F50 /* MJRefreshBaseView.m */,
				42347C8619D1BE5D00614F50 /* MJRefreshConst.h */,
				42347C8719D1BE5D00614F50 /* MJRefreshConst.m */,
				42347C8819D1BE5D00614F50 /* MJRefreshFooterView.h */,
				42347C8919D1BE5D00614F50 /* MJRefreshFooterView.m */,
				42347C8A19D1BE5D00614F50 /* MJRefreshHeaderView.h */,
				42347C8B19D1BE5D00614F50 /* MJRefreshHeaderView.m */,
				42347C8C19D1BE5D00614F50 /* UIScrollView+MJExtension.h */,
				42347C8D19D1BE5D00614F50 /* UIScrollView+MJExtension.m */,
				42347C8E19D1BE5D00614F50 /* UIScrollView+MJRefresh.h */,
				42347C8F19D1BE5D00614F50 /* UIScrollView+MJRefresh.m */,
				42347C9019D1BE5D00614F50 /* UIView+MJExtension.h */,
				42347C9119D1BE5D00614F50 /* UIView+MJExtension.m */,
			);
			path = MJRefresh;
			sourceTree = "<group>";
		};
		427E368B19B44C33006EB106 /* Controller */ = {
			isa = PBXGroup;
			children = (
				691B06D019B7F1FF00CE92DE /* Menu */,
				691B06CF19B7F1F400CE92DE /* Login */,
				691B06CD19B7F11300CE92DE /* SetUp */,
				691B06CC19B7F10D00CE92DE /* History */,
				691B06CB19B7F10600CE92DE /* Recommend */,
				691B06CA19B7F10000CE92DE /* Appoint */,
				691B06C919B7F0FB00CE92DE /* Borrow */,
				691B06C819B7F0F300CE92DE /* MainPage */,
			);
			name = Controller;
			sourceTree = "<group>";
		};
		427E368C19B44C3A006EB106 /* View */ = {
			isa = PBXGroup;
			children = (
				691B06CE19B7F19400CE92DE /* Public */,
				691B06C619B7F0AB00CE92DE /* SetUp */,
				691B06C519B7F0A300CE92DE /* History */,
				691B06C419B7F09500CE92DE /* Recommend */,
				691B06C319B7F08200CE92DE /* Appoint */,
				691B06C219B7F06A00CE92DE /* Borrow */,
				691B06C119B7F05A00CE92DE /* MainPage */,
			);
			name = View;
			sourceTree = "<group>";
		};
		427E368D19B44C40006EB106 /* Model */ = {
			isa = PBXGroup;
			children = (
				426223BC19C9B0AB005F0DE7 /* SLBookBaseModel.h */,
				426223BD19C9B0AB005F0DE7 /* SLBookBaseModel.m */,
				426223BE19C9B0AB005F0DE7 /* SLBorHistoryBook.h */,
				426223BF19C9B0AB005F0DE7 /* SLBorHistoryBook.m */,
			);
			name = Model;
			sourceTree = "<group>";
		};
		42A6727619CAB39700A4129A /* RestfulEngine */ = {
			isa = PBXGroup;
			children = (
				42A6727719CAB3B900A4129A /* SLRestfulEngine.h */,
				42A6727819CAB3B900A4129A /* SLRestfulEngine.m */,
			);
			name = RestfulEngine;
			sourceTree = "<group>";
		};
		691B06C119B7F05A00CE92DE /* MainPage */ = {
			isa = PBXGroup;
			children = (
				421D9E1319B7119500BDCA36 /* SLBookBaseCell.h */,
				421D9E1419B7119500BDCA36 /* SLBookBaseCell.m */,
				421D9E1C19B713CA00BDCA36 /* SLBookCoverCell.h */,
				421D9E1D19B713CA00BDCA36 /* SLBookCoverCell.m */,
				421D9E2219B713F700BDCA36 /* SLBookBriefCell.h */,
				421D9E2319B713F700BDCA36 /* SLBookBriefCell.m */,
				421D9E2519B7140F00BDCA36 /* SLBookDistributionCell.h */,
				421D9E2619B7140F00BDCA36 /* SLBookDistributionCell.m */,
				421D9E2819B7156200BDCA36 /* SLBookCoverCell.xib */,
				421D9E2A19B7263000BDCA36 /* SLBookDistributionCell.xib */,
				42A613DF19B60E1800D94977 /* SLBookView.h */,
				42A613E019B60E1800D94977 /* SLBookView.m */,
			);
			name = MainPage;
			sourceTree = "<group>";
		};
		691B06C219B7F06A00CE92DE /* Borrow */ = {
			isa = PBXGroup;
			children = (
				693A0D7E19B8273F00BADF72 /* SLBorrowCell.h */,
				693A0D7F19B8273F00BADF72 /* SLBorrowCell.m */,
			);
			name = Borrow;
			sourceTree = "<group>";
		};
		691B06C319B7F08200CE92DE /* Appoint */ = {
			isa = PBXGroup;
			children = (
				693A0D8119B8279000BADF72 /* SLAppointCell.h */,
				693A0D8219B8279000BADF72 /* SLAppointCell.m */,
			);
			name = Appoint;
			sourceTree = "<group>";
		};
		691B06C419B7F09500CE92DE /* Recommend */ = {
			isa = PBXGroup;
			children = (
				693A0D8419B827EE00BADF72 /* SLRecommendCell.h */,
				693A0D8519B827EE00BADF72 /* SLRecommendCell.m */,
			);
			name = Recommend;
			sourceTree = "<group>";
		};
		691B06C519B7F0A300CE92DE /* History */ = {
			isa = PBXGroup;
			children = (
				42A6727A19CAC0AF00A4129A /* SLHistoryCell.h */,
				42A6727B19CAC0AF00A4129A /* SLHistoryCell.m */,
			);
			name = History;
			sourceTree = "<group>";
		};
		691B06C619B7F0AB00CE92DE /* SetUp */ = {
			isa = PBXGroup;
			children = (
			);
			name = SetUp;
			sourceTree = "<group>";
		};
		691B06C819B7F0F300CE92DE /* MainPage */ = {
			isa = PBXGroup;
			children = (
				42A6138A19B5B7AA00D94977 /* SLSearchViewController.h */,
				42A6138B19B5B7AA00D94977 /* SLSearchViewController.m */,
				42A6138719B5AE4100D94977 /* SLMainViewController.h */,
				42A6138819B5AE4100D94977 /* SLMainViewController.m */,
				42A613DC19B60DF200D94977 /* SLCollectionViewController.h */,
				42A613DD19B60DF200D94977 /* SLCollectionViewController.m */,
				421D9E1019B6B97D00BDCA36 /* SLBookDetailViewController.h */,
				421D9E1119B6B97D00BDCA36 /* SLBookDetailViewController.m */,
			);
			name = MainPage;
			sourceTree = "<group>";
		};
		691B06C919B7F0FB00CE92DE /* Borrow */ = {
			isa = PBXGroup;
			children = (
				69B00C0B19C0AE4A00C5611D /* SLBorrowListController.h */,
				69B00C0C19C0AE4A00C5611D /* SLBorrowListController.m */,
				699CA89A19C82211001E1651 /* SLBorrowListTableView.h */,
				699CA89B19C82211001E1651 /* SLBorrowListTableView.m */,
			);
			name = Borrow;
			sourceTree = "<group>";
		};
		691B06CA19B7F10000CE92DE /* Appoint */ = {
			isa = PBXGroup;
			children = (
				695BD28419B769340083CBC1 /* SLAppointController.h */,
				695BD28519B769340083CBC1 /* SLAppointController.m */,
			);
			name = Appoint;
			sourceTree = "<group>";
		};
		691B06CB19B7F10600CE92DE /* Recommend */ = {
			isa = PBXGroup;
			children = (
				695BD28719B769400083CBC1 /* SLRecommendController.h */,
				695BD28819B769400083CBC1 /* SLRecommendController.m */,
			);
			name = Recommend;
			sourceTree = "<group>";
		};
		691B06CC19B7F10D00CE92DE /* History */ = {
			isa = PBXGroup;
			children = (
				426223B919C9B097005F0DE7 /* SLBorrowHistoryViewController.h */,
				426223BA19C9B097005F0DE7 /* SLBorrowHistoryViewController.m */,
			);
			name = History;
			sourceTree = "<group>";
		};
		691B06CD19B7F11300CE92DE /* SetUp */ = {
			isa = PBXGroup;
			children = (
				42A6138D19B5C69500D94977 /* SLSetupViewController.h */,
				42A6138E19B5C69500D94977 /* SLSetupViewController.m */,
				426223C219C9B9CC005F0DE7 /* SLNotificationViewController.h */,
				426223C319C9B9CC005F0DE7 /* SLNotificationViewController.m */,
				426223C519C9B9DB005F0DE7 /* SLAdviceViewController.h */,
				426223C619C9B9DB005F0DE7 /* SLAdviceViewController.m */,
			);
			name = SetUp;
			sourceTree = "<group>";
		};
		691B06CE19B7F19400CE92DE /* Public */ = {
			isa = PBXGroup;
			children = (
			);
			name = Public;
			sourceTree = "<group>";
		};
		691B06CF19B7F1F400CE92DE /* Login */ = {
			isa = PBXGroup;
			children = (
				427E368E19B44C51006EB106 /* SLLoginViewController.h */,
				427E368F19B44C51006EB106 /* SLLoginViewController.m */,
			);
			name = Login;
			sourceTree = "<group>";
		};
		691B06D019B7F1FF00CE92DE /* Menu */ = {
			isa = PBXGroup;
			children = (
				42A6138419B5ACD300D94977 /* SLMenuViewController.h */,
				42A6138519B5ACD300D94977 /* SLMenuViewController.m */,
			);
			name = Menu;
			sourceTree = "<group>";
		};
/* End PBXGroup section */

/* Begin PBXNativeTarget section */
		4203CEB819B442C20015180D /* iSYSULibrary */ = {
			isa = PBXNativeTarget;
			buildConfigurationList = 4203CEEE19B442C20015180D /* Build configuration list for PBXNativeTarget "iSYSULibrary" */;
			buildPhases = (
				D4FAC1A8AD3E498DA1F32097 /* Check Pods Manifest.lock */,
				4203CEB519B442C20015180D /* Sources */,
				4203CEB619B442C20015180D /* Frameworks */,
				4203CEB719B442C20015180D /* Resources */,
				D4B61E1FC74F4A41AA8647A3 /* Copy Pods Resources */,
			);
			buildRules = (
			);
			dependencies = (
			);
			name = iSYSULibrary;
			productName = iSYSULibrary;
			productReference = 4203CEB919B442C20015180D /* iSYSULibrary.app */;
			productType = "com.apple.product-type.application";
		};
		4203CEDC19B442C20015180D /* iSYSULibraryTests */ = {
			isa = PBXNativeTarget;
			buildConfigurationList = 4203CEF119B442C20015180D /* Build configuration list for PBXNativeTarget "iSYSULibraryTests" */;
			buildPhases = (
				4203CED919B442C20015180D /* Sources */,
				4203CEDA19B442C20015180D /* Frameworks */,
				4203CEDB19B442C20015180D /* Resources */,
			);
			buildRules = (
			);
			dependencies = (
				4203CEE319B442C20015180D /* PBXTargetDependency */,
			);
			name = iSYSULibraryTests;
			productName = iSYSULibraryTests;
			productReference = 4203CEDD19B442C20015180D /* iSYSULibraryTests.xctest */;
			productType = "com.apple.product-type.bundle.unit-test";
		};
/* End PBXNativeTarget section */

/* Begin PBXProject section */
		4203CEB119B442C20015180D /* Project object */ = {
			isa = PBXProject;
			attributes = {
				CLASSPREFIX = SL;
				LastUpgradeCheck = 0510;
				ORGANIZATIONNAME = Alaysh;
				TargetAttributes = {
					4203CEDC19B442C20015180D = {
						TestTargetID = 4203CEB819B442C20015180D;
					};
				};
			};
			buildConfigurationList = 4203CEB419B442C20015180D /* Build configuration list for PBXProject "iSYSULibrary" */;
			compatibilityVersion = "Xcode 3.2";
			developmentRegion = English;
			hasScannedForEncodings = 0;
			knownRegions = (
				en,
				Base,
			);
			mainGroup = 4203CEB019B442C20015180D;
			productRefGroup = 4203CEBA19B442C20015180D /* Products */;
			projectDirPath = "";
			projectRoot = "";
			targets = (
				4203CEB819B442C20015180D /* iSYSULibrary */,
				4203CEDC19B442C20015180D /* iSYSULibraryTests */,
			);
		};
/* End PBXProject section */

/* Begin PBXResourcesBuildPhase section */
		4203CEB719B442C20015180D /* Resources */ = {
			isa = PBXResourcesBuildPhase;
			buildActionMask = 2147483647;
			files = (
				4203CED319B442C20015180D /* Main_iPad.storyboard in Resources */,
				4203CED819B442C20015180D /* Images.xcassets in Resources */,
				42347C9219D1BE5D00614F50 /* MJRefresh.bundle in Resources */,
				421D9E2919B7156200BDCA36 /* SLBookCoverCell.xib in Resources */,
				421D9E2B19B7263000BDCA36 /* SLBookDistributionCell.xib in Resources */,
				4203CED019B442C20015180D /* Main_iPhone.storyboard in Resources */,
				4203CEC719B442C20015180D /* InfoPlist.strings in Resources */,
			);
			runOnlyForDeploymentPostprocessing = 0;
		};
		4203CEDB19B442C20015180D /* Resources */ = {
			isa = PBXResourcesBuildPhase;
			buildActionMask = 2147483647;
			files = (
				4203CEE919B442C20015180D /* InfoPlist.strings in Resources */,
			);
			runOnlyForDeploymentPostprocessing = 0;
		};
/* End PBXResourcesBuildPhase section */

/* Begin PBXShellScriptBuildPhase section */
		D4B61E1FC74F4A41AA8647A3 /* Copy Pods Resources */ = {
			isa = PBXShellScriptBuildPhase;
			buildActionMask = 2147483647;
			files = (
			);
			inputPaths = (
			);
			name = "Copy Pods Resources";
			outputPaths = (
			);
			runOnlyForDeploymentPostprocessing = 0;
			shellPath = /bin/sh;
			shellScript = "\"${SRCROOT}/Pods/Pods-resources.sh\"\n";
			showEnvVarsInLog = 0;
		};
		D4FAC1A8AD3E498DA1F32097 /* Check Pods Manifest.lock */ = {
			isa = PBXShellScriptBuildPhase;
			buildActionMask = 2147483647;
			files = (
			);
			inputPaths = (
			);
			name = "Check Pods Manifest.lock";
			outputPaths = (
			);
			runOnlyForDeploymentPostprocessing = 0;
			shellPath = /bin/sh;
			shellScript = "diff \"${PODS_ROOT}/../Podfile.lock\" \"${PODS_ROOT}/Manifest.lock\" > /dev/null\nif [[ $? != 0 ]] ; then\n    cat << EOM\nerror: The sandbox is not in sync with the Podfile.lock. Run 'pod install' or update your CocoaPods installation.\nEOM\n    exit 1\nfi\n";
			showEnvVarsInLog = 0;
		};
/* End PBXShellScriptBuildPhase section */

/* Begin PBXSourcesBuildPhase section */
		4203CEB519B442C20015180D /* Sources */ = {
			isa = PBXSourcesBuildPhase;
			buildActionMask = 2147483647;
			files = (
				42347C9519D1BE5D00614F50 /* MJRefreshFooterView.m in Sources */,
				426223C019C9B0AB005F0DE7 /* SLBookBaseModel.m in Sources */,
				69B00C0D19C0AE4A00C5611D /* SLBorrowListController.m in Sources */,
				421D9E2719B7140F00BDCA36 /* SLBookDistributionCell.m in Sources */,
				42A6138619B5ACD300D94977 /* SLMenuViewController.m in Sources */,
				426223C119C9B0AB005F0DE7 /* SLBorHistoryBook.m in Sources */,
				426223C719C9B9DB005F0DE7 /* SLAdviceViewController.m in Sources */,
				693A0D8019B8273F00BADF72 /* SLBorrowCell.m in Sources */,
				426223C419C9B9CC005F0DE7 /* SLNotificationViewController.m in Sources */,
				693A0D8619B827EE00BADF72 /* SLRecommendCell.m in Sources */,
				42347C9819D1BE5D00614F50 /* UIScrollView+MJRefresh.m in Sources */,
				42A613DE19B60DF200D94977 /* SLCollectionViewController.m in Sources */,
				699CA89C19C82211001E1651 /* SLBorrowListTableView.m in Sources */,
				42A6138F19B5C69500D94977 /* SLSetupViewController.m in Sources */,
				42A6138C19B5B7AA00D94977 /* SLSearchViewController.m in Sources */,
				426223BB19C9B097005F0DE7 /* SLBorrowHistoryViewController.m in Sources */,
				42347C9419D1BE5D00614F50 /* MJRefreshConst.m in Sources */,
				695BD28619B769340083CBC1 /* SLAppointController.m in Sources */,
				421D9E2419B713F700BDCA36 /* SLBookBriefCell.m in Sources */,
				4203CEC919B442C20015180D /* main.m in Sources */,
				421D9E1219B6B97D00BDCA36 /* SLBookDetailViewController.m in Sources */,
				427E369019B44C51006EB106 /* SLLoginViewController.m in Sources */,
				695BD28919B769400083CBC1 /* SLRecommendController.m in Sources */,
				42A6138919B5AE4100D94977 /* SLMainViewController.m in Sources */,
				4203CECD19B442C20015180D /* SLAppDelegate.m in Sources */,
				42347C9319D1BE5D00614F50 /* MJRefreshBaseView.m in Sources */,
				693A0D8319B8279000BADF72 /* SLAppointCell.m in Sources */,
				42347C9619D1BE5D00614F50 /* MJRefreshHeaderView.m in Sources */,
				421D9E1519B7119500BDCA36 /* SLBookBaseCell.m in Sources */,
				42A6727919CAB3B900A4129A /* SLRestfulEngine.m in Sources */,
				421D9E1E19B713CA00BDCA36 /* SLBookCoverCell.m in Sources */,
				42347C9919D1BE5D00614F50 /* UIView+MJExtension.m in Sources */,
				42347C9719D1BE5D00614F50 /* UIScrollView+MJExtension.m in Sources */,
				42A613E119B60E1800D94977 /* SLBookView.m in Sources */,
				42A6727C19CAC0AF00A4129A /* SLHistoryCell.m in Sources */,
			);
			runOnlyForDeploymentPostprocessing = 0;
		};
		4203CED919B442C20015180D /* Sources */ = {
			isa = PBXSourcesBuildPhase;
			buildActionMask = 2147483647;
			files = (
				4203CEEB19B442C20015180D /* iSYSULibraryTests.m in Sources */,
			);
			runOnlyForDeploymentPostprocessing = 0;
		};
/* End PBXSourcesBuildPhase section */

/* Begin PBXTargetDependency section */
		4203CEE319B442C20015180D /* PBXTargetDependency */ = {
			isa = PBXTargetDependency;
			target = 4203CEB819B442C20015180D /* iSYSULibrary */;
			targetProxy = 4203CEE219B442C20015180D /* PBXContainerItemProxy */;
		};
/* End PBXTargetDependency section */

/* Begin PBXVariantGroup section */
		4203CEC519B442C20015180D /* InfoPlist.strings */ = {
			isa = PBXVariantGroup;
			children = (
				4203CEC619B442C20015180D /* en */,
			);
			name = InfoPlist.strings;
			sourceTree = "<group>";
		};
		4203CECE19B442C20015180D /* Main_iPhone.storyboard */ = {
			isa = PBXVariantGroup;
			children = (
				4203CECF19B442C20015180D /* Base */,
			);
			name = Main_iPhone.storyboard;
			sourceTree = "<group>";
		};
		4203CED119B442C20015180D /* Main_iPad.storyboard */ = {
			isa = PBXVariantGroup;
			children = (
				4203CED219B442C20015180D /* Base */,
			);
			name = Main_iPad.storyboard;
			sourceTree = "<group>";
		};
		4203CEE719B442C20015180D /* InfoPlist.strings */ = {
			isa = PBXVariantGroup;
			children = (
				4203CEE819B442C20015180D /* en */,
			);
			name = InfoPlist.strings;
			sourceTree = "<group>";
		};
/* End PBXVariantGroup section */

/* Begin XCBuildConfiguration section */
		4203CEEC19B442C20015180D /* Debug */ = {
			isa = XCBuildConfiguration;
			buildSettings = {
				ALWAYS_SEARCH_USER_PATHS = NO;
				CLANG_CXX_LANGUAGE_STANDARD = "gnu++0x";
				CLANG_CXX_LIBRARY = "libc++";
				CLANG_ENABLE_MODULES = YES;
				CLANG_ENABLE_OBJC_ARC = YES;
				CLANG_WARN_BOOL_CONVERSION = YES;
				CLANG_WARN_CONSTANT_CONVERSION = YES;
				CLANG_WARN_DIRECT_OBJC_ISA_USAGE = YES_ERROR;
				CLANG_WARN_EMPTY_BODY = YES;
				CLANG_WARN_ENUM_CONVERSION = YES;
				CLANG_WARN_INT_CONVERSION = YES;
				CLANG_WARN_OBJC_ROOT_CLASS = YES_ERROR;
				CLANG_WARN__DUPLICATE_METHOD_MATCH = YES;
				"CODE_SIGN_IDENTITY[sdk=iphoneos*]" = "iPhone Developer";
				COPY_PHASE_STRIP = NO;
				GCC_C_LANGUAGE_STANDARD = gnu99;
				GCC_DYNAMIC_NO_PIC = NO;
				GCC_OPTIMIZATION_LEVEL = 0;
				GCC_PREPROCESSOR_DEFINITIONS = (
					"DEBUG=1",
					"$(inherited)",
				);
				GCC_SYMBOLS_PRIVATE_EXTERN = NO;
				GCC_WARN_64_TO_32_BIT_CONVERSION = YES;
				GCC_WARN_ABOUT_RETURN_TYPE = YES_ERROR;
				GCC_WARN_UNDECLARED_SELECTOR = YES;
				GCC_WARN_UNINITIALIZED_AUTOS = YES_AGGRESSIVE;
				GCC_WARN_UNUSED_FUNCTION = YES;
				GCC_WARN_UNUSED_VARIABLE = YES;
				IPHONEOS_DEPLOYMENT_TARGET = 7.1;
				ONLY_ACTIVE_ARCH = YES;
				SDKROOT = iphoneos;
				TARGETED_DEVICE_FAMILY = "1,2";
			};
			name = Debug;
		};
		4203CEED19B442C20015180D /* Release */ = {
			isa = XCBuildConfiguration;
			buildSettings = {
				ALWAYS_SEARCH_USER_PATHS = NO;
				CLANG_CXX_LANGUAGE_STANDARD = "gnu++0x";
				CLANG_CXX_LIBRARY = "libc++";
				CLANG_ENABLE_MODULES = YES;
				CLANG_ENABLE_OBJC_ARC = YES;
				CLANG_WARN_BOOL_CONVERSION = YES;
				CLANG_WARN_CONSTANT_CONVERSION = YES;
				CLANG_WARN_DIRECT_OBJC_ISA_USAGE = YES_ERROR;
				CLANG_WARN_EMPTY_BODY = YES;
				CLANG_WARN_ENUM_CONVERSION = YES;
				CLANG_WARN_INT_CONVERSION = YES;
				CLANG_WARN_OBJC_ROOT_CLASS = YES_ERROR;
				CLANG_WARN__DUPLICATE_METHOD_MATCH = YES;
				"CODE_SIGN_IDENTITY[sdk=iphoneos*]" = "iPhone Developer";
				COPY_PHASE_STRIP = YES;
				ENABLE_NS_ASSERTIONS = NO;
				GCC_C_LANGUAGE_STANDARD = gnu99;
				GCC_WARN_64_TO_32_BIT_CONVERSION = YES;
				GCC_WARN_ABOUT_RETURN_TYPE = YES_ERROR;
				GCC_WARN_UNDECLARED_SELECTOR = YES;
				GCC_WARN_UNINITIALIZED_AUTOS = YES_AGGRESSIVE;
				GCC_WARN_UNUSED_FUNCTION = YES;
				GCC_WARN_UNUSED_VARIABLE = YES;
				IPHONEOS_DEPLOYMENT_TARGET = 7.1;
				SDKROOT = iphoneos;
				TARGETED_DEVICE_FAMILY = "1,2";
				VALIDATE_PRODUCT = YES;
			};
			name = Release;
		};
		4203CEEF19B442C20015180D /* Debug */ = {
			isa = XCBuildConfiguration;
			baseConfigurationReference = D14C6CA71D6B445FA9D2F465 /* Pods.xcconfig */;
			buildSettings = {
				ASSETCATALOG_COMPILER_APPICON_NAME = AppIcon;
				ASSETCATALOG_COMPILER_LAUNCHIMAGE_NAME = LaunchImage;
				GCC_PRECOMPILE_PREFIX_HEADER = YES;
				GCC_PREFIX_HEADER = "iSYSULibrary/iSYSULibrary-Prefix.pch";
				INFOPLIST_FILE = "iSYSULibrary/iSYSULibrary-Info.plist";
				PRODUCT_NAME = "$(TARGET_NAME)";
				WRAPPER_EXTENSION = app;
			};
			name = Debug;
		};
		4203CEF019B442C20015180D /* Release */ = {
			isa = XCBuildConfiguration;
			baseConfigurationReference = D14C6CA71D6B445FA9D2F465 /* Pods.xcconfig */;
			buildSettings = {
				ASSETCATALOG_COMPILER_APPICON_NAME = AppIcon;
				ASSETCATALOG_COMPILER_LAUNCHIMAGE_NAME = LaunchImage;
				GCC_PRECOMPILE_PREFIX_HEADER = YES;
				GCC_PREFIX_HEADER = "iSYSULibrary/iSYSULibrary-Prefix.pch";
				INFOPLIST_FILE = "iSYSULibrary/iSYSULibrary-Info.plist";
				PRODUCT_NAME = "$(TARGET_NAME)";
				WRAPPER_EXTENSION = app;
			};
			name = Release;
		};
		4203CEF219B442C20015180D /* Debug */ = {
			isa = XCBuildConfiguration;
			buildSettings = {
				BUNDLE_LOADER = "$(BUILT_PRODUCTS_DIR)/iSYSULibrary.app/iSYSULibrary";
				FRAMEWORK_SEARCH_PATHS = (
					"$(SDKROOT)/Developer/Library/Frameworks",
					"$(inherited)",
					"$(DEVELOPER_FRAMEWORKS_DIR)",
				);
				GCC_PRECOMPILE_PREFIX_HEADER = YES;
				GCC_PREFIX_HEADER = "iSYSULibrary/iSYSULibrary-Prefix.pch";
				GCC_PREPROCESSOR_DEFINITIONS = (
					"DEBUG=1",
					"$(inherited)",
				);
				INFOPLIST_FILE = "iSYSULibraryTests/iSYSULibraryTests-Info.plist";
				PRODUCT_NAME = "$(TARGET_NAME)";
				TEST_HOST = "$(BUNDLE_LOADER)";
				WRAPPER_EXTENSION = xctest;
			};
			name = Debug;
		};
		4203CEF319B442C20015180D /* Release */ = {
			isa = XCBuildConfiguration;
			buildSettings = {
				BUNDLE_LOADER = "$(BUILT_PRODUCTS_DIR)/iSYSULibrary.app/iSYSULibrary";
				FRAMEWORK_SEARCH_PATHS = (
					"$(SDKROOT)/Developer/Library/Frameworks",
					"$(inherited)",
					"$(DEVELOPER_FRAMEWORKS_DIR)",
				);
				GCC_PRECOMPILE_PREFIX_HEADER = YES;
				GCC_PREFIX_HEADER = "iSYSULibrary/iSYSULibrary-Prefix.pch";
				INFOPLIST_FILE = "iSYSULibraryTests/iSYSULibraryTests-Info.plist";
				PRODUCT_NAME = "$(TARGET_NAME)";
				TEST_HOST = "$(BUNDLE_LOADER)";
				WRAPPER_EXTENSION = xctest;
			};
			name = Release;
		};
/* End XCBuildConfiguration section */

/* Begin XCConfigurationList section */
		4203CEB419B442C20015180D /* Build configuration list for PBXProject "iSYSULibrary" */ = {
			isa = XCConfigurationList;
			buildConfigurations = (
				4203CEEC19B442C20015180D /* Debug */,
				4203CEED19B442C20015180D /* Release */,
			);
			defaultConfigurationIsVisible = 0;
			defaultConfigurationName = Release;
		};
		4203CEEE19B442C20015180D /* Build configuration list for PBXNativeTarget "iSYSULibrary" */ = {
			isa = XCConfigurationList;
			buildConfigurations = (
				4203CEEF19B442C20015180D /* Debug */,
				4203CEF019B442C20015180D /* Release */,
			);
			defaultConfigurationIsVisible = 0;
			defaultConfigurationName = Release;
		};
		4203CEF119B442C20015180D /* Build configuration list for PBXNativeTarget "iSYSULibraryTests" */ = {
			isa = XCConfigurationList;
			buildConfigurations = (
				4203CEF219B442C20015180D /* Debug */,
				4203CEF319B442C20015180D /* Release */,
			);
			defaultConfigurationIsVisible = 0;
			defaultConfigurationName = Release;
		};
/* End XCConfigurationList section */
	};
	rootObject = 4203CEB119B442C20015180D /* Project object */;
}
